
Microsoft Visual Studio Solution File, Format Version 12.00
# Visual Studio Version 17
VisualStudioVersion = 17.9.34622.214
MinimumVisualStudioVersion = 10.0.40219.1
Project("{9A19103F-16F7-4668-BE54-9A1E7A4F7556}") = "Acme.EFCore.Small", "Acme.EFCore.Small\Acme.EFCore.Small.csproj", "{F2F45B5B-95EF-4282-B117-7C3D69251CD9}"
EndProject
Project("{9A19103F-16F7-4668-BE54-9A1E7A4F7556}") = "Acme.EFCore.Small.Core", "Acme.EFCore.Small.Core\Acme.EFCore.Small.Core.csproj", "{8AC99E39-BC3E-42B5-A6FC-AF99D2207939}"
EndProject
Project("{FAE04EC0-301F-11D3-BF4B-00C04F79EFBC}") = "Acme.EFCore", "Acme.EFCore\Acme.EFCore.csproj", "{ACDA0E04-3549-4EFD-8843-C8B8F4619C24}"
EndProject
Project("{FAE04EC0-301F-11D3-BF4B-00C04F79EFBC}") = "Acme.EFCore.Test", "Acme.EFCore.Test\Acme.EFCore.Test.csproj", "{90C31046-15C1-4A90-AF90-1D6B22169AE8}"
EndProject
Global
	GlobalSection(SolutionConfigurationPlatforms) = preSolution
		Debug|Any CPU = Debug|Any CPU
		Release|Any CPU = Release|Any CPU
	EndGlobalSection
	GlobalSection(ProjectConfigurationPlatforms) = postSolution
		{F2F45B5B-95EF-4282-B117-7C3D69251CD9}.Debug|Any CPU.ActiveCfg = Debug|Any CPU
		{F2F45B5B-95EF-4282-B117-7C3D69251CD9}.Debug|Any CPU.Build.0 = Debug|Any CPU
		{F2F45B5B-95EF-4282-B117-7C3D69251CD9}.Release|Any CPU.ActiveCfg = Release|Any CPU
		{F2F45B5B-95EF-4282-B117-7C3D69251CD9}.Release|Any CPU.Build.0 = Release|Any CPU
		{8AC99E39-BC3E-42B5-A6FC-AF99D2207939}.Debug|Any CPU.ActiveCfg = Debug|Any CPU
		{8AC99E39-BC3E-42B5-A6FC-AF99D2207939}.Debug|Any CPU.Build.0 = Debug|Any CPU
		{8AC99E39-BC3E-42B5-A6FC-AF99D2207939}.Release|Any CPU.ActiveCfg = Release|Any CPU
		{8AC99E39-BC3E-42B5-A6FC-AF99D2207939}.Release|Any CPU.Build.0 = Release|Any CPU
		{ACDA0E04-3549-4EFD-8843-C8B8F4619C24}.Debug|Any CPU.ActiveCfg = Debug|Any CPU
		{ACDA0E04-3549-4EFD-8843-C8B8F4619C24}.Debug|Any CPU.Build.0 = Debug|Any CPU
		{ACDA0E04-3549-4EFD-8843-C8B8F4619C24}.Release|Any CPU.ActiveCfg = Release|Any CPU
		{ACDA0E04-3549-4EFD-8843-C8B8F4619C24}.Release|Any CPU.Build.0 = Release|Any CPU
		{90C31046-15C1-4A90-AF90-1D6B22169AE8}.Debug|Any CPU.ActiveCfg = Debug|Any CPU
		{90C31046-15C1-4A90-AF90-1D6B22169AE8}.Debug|Any CPU.Build.0 = Debug|Any CPU
		{90C31046-15C1-4A90-AF90-1D6B22169AE8}.Release|Any CPU.ActiveCfg = Release|Any CPU
		{90C31046-15C1-4A90-AF90-1D6B22169AE8}.Release|Any CPU.Build.0 = Release|Any CPU
	EndGlobalSection
	GlobalSection(SolutionProperties) = preSolution
		HideSolutionNode = FALSE
	EndGlobalSection
	GlobalSection(ExtensibilityGlobals) = postSolution
		SolutionGuid = {0A3A4EFC-EE7E-4F74-8056-10EBD9AE74F5}
	EndGlobalSection
EndGlobal
