
Microsoft Visual Studio Solution File, Format Version 12.00
# Visual Studio Version 18
VisualStudioVersion = 18.1.11312.151
MinimumVisualStudioVersion = 10.0.40219.1
Project("{9A19103F-16F7-4668-BE54-9A1E7A4F7556}") = "Acme.EFCore.Small", "Acme.EFCore.Small\Acme.EFCore.Small.csproj", "{F2F45B5B-95EF-4282-B117-7C3D69251CD9}"
EndProject
Project("{FAE04EC0-301F-11D3-BF4B-00C04F79EFBC}") = "Acme.EFCore.Small.Tests", "Acme.EFCore.Small.Tests\Acme.EFCore.Small.Tests.csproj", "{7E0B4834-FF46-493B-B5A7-0678709916ED}"
EndProject
Global
	GlobalSection(SolutionConfigurationPlatforms) = preSolution
		Debug|Any CPU = Debug|Any CPU
		Debug|x64 = Debug|x64
		Debug|x86 = Debug|x86
		Release|Any CPU = Release|Any CPU
		Release|x64 = Release|x64
		Release|x86 = Release|x86
	EndGlobalSection
	GlobalSection(ProjectConfigurationPlatforms) = postSolution
		{F2F45B5B-95EF-4282-B117-7C3D69251CD9}.Debug|Any CPU.ActiveCfg = Debug|Any CPU
		{F2F45B5B-95EF-4282-B117-7C3D69251CD9}.Debug|Any CPU.Build.0 = Debug|Any CPU
		{F2F45B5B-95EF-4282-B117-7C3D69251CD9}.Debug|x64.ActiveCfg = Debug|Any CPU
		{F2F45B5B-95EF-4282-B117-7C3D69251CD9}.Debug|x64.Build.0 = Debug|Any CPU
		{F2F45B5B-95EF-4282-B117-7C3D69251CD9}.Debug|x86.ActiveCfg = Debug|Any CPU
		{F2F45B5B-95EF-4282-B117-7C3D69251CD9}.Debug|x86.Build.0 = Debug|Any CPU
		{F2F45B5B-95EF-4282-B117-7C3D69251CD9}.Release|Any CPU.ActiveCfg = Release|Any CPU
		{F2F45B5B-95EF-4282-B117-7C3D69251CD9}.Release|Any CPU.Build.0 = Release|Any CPU
		{F2F45B5B-95EF-4282-B117-7C3D69251CD9}.Release|x64.ActiveCfg = Release|Any CPU
		{F2F45B5B-95EF-4282-B117-7C3D69251CD9}.Release|x64.Build.0 = Release|Any CPU
		{F2F45B5B-95EF-4282-B117-7C3D69251CD9}.Release|x86.ActiveCfg = Release|Any CPU
		{F2F45B5B-95EF-4282-B117-7C3D69251CD9}.Release|x86.Build.0 = Release|Any CPU
		{7E0B4834-FF46-493B-B5A7-0678709916ED}.Debug|Any CPU.ActiveCfg = Debug|Any CPU
		{7E0B4834-FF46-493B-B5A7-0678709916ED}.Debug|Any CPU.Build.0 = Debug|Any CPU
		{7E0B4834-FF46-493B-B5A7-0678709916ED}.Debug|x64.ActiveCfg = Debug|Any CPU
		{7E0B4834-FF46-493B-B5A7-0678709916ED}.Debug|x64.Build.0 = Debug|Any CPU
		{7E0B4834-FF46-493B-B5A7-0678709916ED}.Debug|x86.ActiveCfg = Debug|Any CPU
		{7E0B4834-FF46-493B-B5A7-0678709916ED}.Debug|x86.Build.0 = Debug|Any CPU
		{7E0B4834-FF46-493B-B5A7-0678709916ED}.Release|Any CPU.ActiveCfg = Release|Any CPU
		{7E0B4834-FF46-493B-B5A7-0678709916ED}.Release|Any CPU.Build.0 = Release|Any CPU
		{7E0B4834-FF46-493B-B5A7-0678709916ED}.Release|x64.ActiveCfg = Release|Any CPU
		{7E0B4834-FF46-493B-B5A7-0678709916ED}.Release|x64.Build.0 = Release|Any CPU
		{7E0B4834-FF46-493B-B5A7-0678709916ED}.Release|x86.ActiveCfg = Release|Any CPU
		{7E0B4834-FF46-493B-B5A7-0678709916ED}.Release|x86.Build.0 = Release|Any CPU
	EndGlobalSection
	GlobalSection(SolutionProperties) = preSolution
		HideSolutionNode = FALSE
	EndGlobalSection
	GlobalSection(ExtensibilityGlobals) = postSolution
		SolutionGuid = {0A3A4EFC-EE7E-4F74-8056-10EBD9AE74F5}
	EndGlobalSection
EndGlobal
